// !$*UTF8*$!
{
	archiveVersion = 1;
	classes = {
	};
	objectVersion = 46;
	objects = {

/* Begin PBXBuildFile section */
		DC05C8EC1CF08B5C00EB128A /* AppDelegate.swift in Sources */ = {isa = PBXBuildFile; fileRef = DC05C8EB1CF08B5C00EB128A /* AppDelegate.swift */; };
		DC05C8F11CF08B5C00EB128A /* Main.storyboard in Resources */ = {isa = PBXBuildFile; fileRef = DC05C8EF1CF08B5C00EB128A /* Main.storyboard */; };
		DC05C8F41CF08B5C00EB128A /* refuge_ios.xcdatamodeld in Sources */ = {isa = PBXBuildFile; fileRef = DC05C8F21CF08B5C00EB128A /* refuge_ios.xcdatamodeld */; };
		DC05C8F61CF08B5C00EB128A /* Assets.xcassets in Resources */ = {isa = PBXBuildFile; fileRef = DC05C8F51CF08B5C00EB128A /* Assets.xcassets */; };
		DC05C8F91CF08B5C00EB128A /* LaunchScreen.storyboard in Resources */ = {isa = PBXBuildFile; fileRef = DC05C8F71CF08B5C00EB128A /* LaunchScreen.storyboard */; };
		DC05C9041CF08B5C00EB128A /* refuge_iosTests.swift in Sources */ = {isa = PBXBuildFile; fileRef = DC05C9031CF08B5C00EB128A /* refuge_iosTests.swift */; };
		DC05C9211CF099C700EB128A /* ViewController.swift in Sources */ = {isa = PBXBuildFile; fileRef = DC05C9201CF099C700EB128A /* ViewController.swift */; };
		DC05C94A1CF0CE1600EB128A /* BasicWebService.swift in Sources */ = {isa = PBXBuildFile; fileRef = DC05C9411CF0CE1600EB128A /* BasicWebService.swift */; };
		DC05C94B1CF0CE1600EB128A /* BasicWebServiceParametersConverter.swift in Sources */ = {isa = PBXBuildFile; fileRef = DC05C9421CF0CE1600EB128A /* BasicWebServiceParametersConverter.swift */; };
		DC05C94C1CF0CE1600EB128A /* BasicWebServiceURLConstructor.swift in Sources */ = {isa = PBXBuildFile; fileRef = DC05C9431CF0CE1600EB128A /* BasicWebServiceURLConstructor.swift */; };
		DC05C94E1CF0CE1600EB128A /* WebService.swift in Sources */ = {isa = PBXBuildFile; fileRef = DC05C9461CF0CE1600EB128A /* WebService.swift */; };
		DC05C94F1CF0CE1600EB128A /* WebServiceParametersConverter.swift in Sources */ = {isa = PBXBuildFile; fileRef = DC05C9471CF0CE1600EB128A /* WebServiceParametersConverter.swift */; };
		DC05C9501CF0CE1600EB128A /* WebServiceURLConstructor.swift in Sources */ = {isa = PBXBuildFile; fileRef = DC05C9481CF0CE1600EB128A /* WebServiceURLConstructor.swift */; };
		DC05C9521CF0CE5700EB128A /* NetworkActivityIndicator.swift in Sources */ = {isa = PBXBuildFile; fileRef = DC05C9511CF0CE5700EB128A /* NetworkActivityIndicator.swift */; };
		DC05C9541CF0CEB400EB128A /* BasicNetworkActivityIndicator.swift in Sources */ = {isa = PBXBuildFile; fileRef = DC05C9531CF0CEB400EB128A /* BasicNetworkActivityIndicator.swift */; };
		DC05C95F1CF2006B00EB128A /* AppAssembly.swift in Sources */ = {isa = PBXBuildFile; fileRef = DC05C95E1CF2006B00EB128A /* AppAssembly.swift */; };
		DC05C9641CF206D200EB128A /* InfrastructureAssembly.swift in Sources */ = {isa = PBXBuildFile; fileRef = DC05C9631CF206D200EB128A /* InfrastructureAssembly.swift */; };
		DC05C96C1CF217AE00EB128A /* StoryboardInstantiable.swift in Sources */ = {isa = PBXBuildFile; fileRef = DC05C96B1CF217AE00EB128A /* StoryboardInstantiable.swift */; };
		DC05C96E1CF217C600EB128A /* UIStoryboard+Refuge.swift in Sources */ = {isa = PBXBuildFile; fileRef = DC05C96D1CF217C600EB128A /* UIStoryboard+Refuge.swift */; };
		DC05C9701CF21F4800EB128A /* Restroom.swift in Sources */ = {isa = PBXBuildFile; fileRef = DC05C96F1CF21F4800EB128A /* Restroom.swift */; };
		DC05C9731CF21F8000EB128A /* RestroomRepository.swift in Sources */ = {isa = PBXBuildFile; fileRef = DC05C9721CF21F8000EB128A /* RestroomRepository.swift */; };
		DC05C9751CF2208F00EB128A /* RefugeRestroomRepository.swift in Sources */ = {isa = PBXBuildFile; fileRef = DC05C9741CF2208F00EB128A /* RefugeRestroomRepository.swift */; };
		DC05C9791CF224DA00EB128A /* JSONSerializer.swift in Sources */ = {isa = PBXBuildFile; fileRef = DC05C9781CF224DA00EB128A /* JSONSerializer.swift */; };
		DC05C97B1CF224E300EB128A /* BasicJSONSerializer.swift in Sources */ = {isa = PBXBuildFile; fileRef = DC05C97A1CF224E300EB128A /* BasicJSONSerializer.swift */; };
		DC05C97D1CF2252B00EB128A /* JSONParser.swift in Sources */ = {isa = PBXBuildFile; fileRef = DC05C97C1CF2252B00EB128A /* JSONParser.swift */; };
		DC05C97F1CF2259300EB128A /* BasicJSONParser.swift in Sources */ = {isa = PBXBuildFile; fileRef = DC05C97E1CF2259300EB128A /* BasicJSONParser.swift */; };
		DC05C9831CF2326200EB128A /* JSON.swift in Sources */ = {isa = PBXBuildFile; fileRef = DC05C9821CF2326200EB128A /* JSON.swift */; };
		DC05C9851CF2328600EB128A /* HTTPMethod.swift in Sources */ = {isa = PBXBuildFile; fileRef = DC05C9841CF2328600EB128A /* HTTPMethod.swift */; };
		DC05C9871CF2337C00EB128A /* WebServiceRequest.swift in Sources */ = {isa = PBXBuildFile; fileRef = DC05C9861CF2337C00EB128A /* WebServiceRequest.swift */; };
		DC05C9891CF233C900EB128A /* BasicWebServiceRequest.swift in Sources */ = {isa = PBXBuildFile; fileRef = DC05C9881CF233C900EB128A /* BasicWebServiceRequest.swift */; };
		DC05C98D1CF240F600EB128A /* Result.swift in Sources */ = {isa = PBXBuildFile; fileRef = DC05C98C1CF240F600EB128A /* Result.swift */; };
		DC05C9911CF2581F00EB128A /* CustomErrorConvertible.swift in Sources */ = {isa = PBXBuildFile; fileRef = DC05C9901CF2581F00EB128A /* CustomErrorConvertible.swift */; };
		DC05C9931CF2594E00EB128A /* JSONParserError.swift in Sources */ = {isa = PBXBuildFile; fileRef = DC05C9921CF2594E00EB128A /* JSONParserError.swift */; };
		DC05C9951CF25A1D00EB128A /* JSONSerializerError.swift in Sources */ = {isa = PBXBuildFile; fileRef = DC05C9941CF25A1D00EB128A /* JSONSerializerError.swift */; };
		DC05C9971CF25BBF00EB128A /* WebServiceError.swift in Sources */ = {isa = PBXBuildFile; fileRef = DC05C9961CF25BBF00EB128A /* WebServiceError.swift */; };
		DC05C9A11CF2B54400EB128A /* JSONTransformer.swift in Sources */ = {isa = PBXBuildFile; fileRef = DC05C9A01CF2B54400EB128A /* JSONTransformer.swift */; };
		DC05C9A31CF2B58F00EB128A /* BasicJSONTransformer.swift in Sources */ = {isa = PBXBuildFile; fileRef = DC05C9A21CF2B58F00EB128A /* BasicJSONTransformer.swift */; };
		DC05C9A51CF2B61E00EB128A /* JSONTransformerError.swift in Sources */ = {isa = PBXBuildFile; fileRef = DC05C9A41CF2B61E00EB128A /* JSONTransformerError.swift */; };
		DC05C9A71CF52C3F00EB128A /* HTTPSessionManager.swift in Sources */ = {isa = PBXBuildFile; fileRef = DC05C9A61CF52C3F00EB128A /* HTTPSessionManager.swift */; };
		DC05C9A91CF52D1200EB128A /* BasicHTTPSessionManager.swift in Sources */ = {isa = PBXBuildFile; fileRef = DC05C9A81CF52D1200EB128A /* BasicHTTPSessionManager.swift */; };
		DC05C9AB1CF530CC00EB128A /* HTTPResponse.swift in Sources */ = {isa = PBXBuildFile; fileRef = DC05C9AA1CF530CC00EB128A /* HTTPResponse.swift */; };
		DC05C9AD1CF5388B00EB128A /* HTTPSessionManagerError.swift in Sources */ = {isa = PBXBuildFile; fileRef = DC05C9AC1CF5388B00EB128A /* HTTPSessionManagerError.swift */; };
/* End PBXBuildFile section */

/* Begin PBXContainerItemProxy section */
		DC05C9001CF08B5C00EB128A /* PBXContainerItemProxy */ = {
			isa = PBXContainerItemProxy;
			containerPortal = DC05C8E01CF08B5C00EB128A /* Project object */;
			proxyType = 1;
			remoteGlobalIDString = DC05C8E71CF08B5C00EB128A;
			remoteInfo = "refuge-ios";
		};
/* End PBXContainerItemProxy section */

/* Begin PBXFileReference section */
		129A57A68CD17D680187B971 /* Pods-refuge-ios.debug.xcconfig */ = {isa = PBXFileReference; includeInIndex = 1; lastKnownFileType = text.xcconfig; name = "Pods-refuge-ios.debug.xcconfig"; path = "Pods/Target Support Files/Pods-refuge-ios/Pods-refuge-ios.debug.xcconfig"; sourceTree = "<group>"; };
		1C468155B2C3F5BBE8898C5B /* Pods_refuge_ios.framework */ = {isa = PBXFileReference; explicitFileType = wrapper.framework; includeInIndex = 0; path = Pods_refuge_ios.framework; sourceTree = BUILT_PRODUCTS_DIR; };
		DC05C8E81CF08B5C00EB128A /* refuge-ios.app */ = {isa = PBXFileReference; explicitFileType = wrapper.application; includeInIndex = 0; path = "refuge-ios.app"; sourceTree = BUILT_PRODUCTS_DIR; };
		DC05C8EB1CF08B5C00EB128A /* AppDelegate.swift */ = {isa = PBXFileReference; lastKnownFileType = sourcecode.swift; path = AppDelegate.swift; sourceTree = "<group>"; };
		DC05C8F01CF08B5C00EB128A /* Base */ = {isa = PBXFileReference; lastKnownFileType = file.storyboard; name = Base; path = Base.lproj/Main.storyboard; sourceTree = "<group>"; };
		DC05C8F31CF08B5C00EB128A /* refuge_ios.xcdatamodel */ = {isa = PBXFileReference; lastKnownFileType = wrapper.xcdatamodel; path = refuge_ios.xcdatamodel; sourceTree = "<group>"; };
		DC05C8F51CF08B5C00EB128A /* Assets.xcassets */ = {isa = PBXFileReference; lastKnownFileType = folder.assetcatalog; name = Assets.xcassets; path = ../../Assets.xcassets; sourceTree = "<group>"; };
		DC05C8F81CF08B5C00EB128A /* Base */ = {isa = PBXFileReference; lastKnownFileType = file.storyboard; name = Base; path = Base.lproj/LaunchScreen.storyboard; sourceTree = "<group>"; };
		DC05C8FA1CF08B5C00EB128A /* Info.plist */ = {isa = PBXFileReference; lastKnownFileType = text.plist.xml; name = Info.plist; path = ../Info.plist; sourceTree = "<group>"; };
		DC05C8FF1CF08B5C00EB128A /* refuge-iosTests.xctest */ = {isa = PBXFileReference; explicitFileType = wrapper.cfbundle; includeInIndex = 0; path = "refuge-iosTests.xctest"; sourceTree = BUILT_PRODUCTS_DIR; };
		DC05C9031CF08B5C00EB128A /* refuge_iosTests.swift */ = {isa = PBXFileReference; lastKnownFileType = sourcecode.swift; path = refuge_iosTests.swift; sourceTree = "<group>"; };
		DC05C9051CF08B5C00EB128A /* Info.plist */ = {isa = PBXFileReference; lastKnownFileType = text.plist.xml; path = Info.plist; sourceTree = "<group>"; };
		DC05C9201CF099C700EB128A /* ViewController.swift */ = {isa = PBXFileReference; fileEncoding = 4; lastKnownFileType = sourcecode.swift; path = ViewController.swift; sourceTree = "<group>"; };
		DC05C9411CF0CE1600EB128A /* BasicWebService.swift */ = {isa = PBXFileReference; fileEncoding = 4; lastKnownFileType = sourcecode.swift; path = BasicWebService.swift; sourceTree = "<group>"; };
		DC05C9421CF0CE1600EB128A /* BasicWebServiceParametersConverter.swift */ = {isa = PBXFileReference; fileEncoding = 4; lastKnownFileType = sourcecode.swift; path = BasicWebServiceParametersConverter.swift; sourceTree = "<group>"; };
		DC05C9431CF0CE1600EB128A /* BasicWebServiceURLConstructor.swift */ = {isa = PBXFileReference; fileEncoding = 4; lastKnownFileType = sourcecode.swift; path = BasicWebServiceURLConstructor.swift; sourceTree = "<group>"; };
		DC05C9461CF0CE1600EB128A /* WebService.swift */ = {isa = PBXFileReference; fileEncoding = 4; lastKnownFileType = sourcecode.swift; path = WebService.swift; sourceTree = "<group>"; };
		DC05C9471CF0CE1600EB128A /* WebServiceParametersConverter.swift */ = {isa = PBXFileReference; fileEncoding = 4; lastKnownFileType = sourcecode.swift; path = WebServiceParametersConverter.swift; sourceTree = "<group>"; };
		DC05C9481CF0CE1600EB128A /* WebServiceURLConstructor.swift */ = {isa = PBXFileReference; fileEncoding = 4; lastKnownFileType = sourcecode.swift; path = WebServiceURLConstructor.swift; sourceTree = "<group>"; };
		DC05C9511CF0CE5700EB128A /* NetworkActivityIndicator.swift */ = {isa = PBXFileReference; fileEncoding = 4; lastKnownFileType = sourcecode.swift; path = NetworkActivityIndicator.swift; sourceTree = "<group>"; };
		DC05C9531CF0CEB400EB128A /* BasicNetworkActivityIndicator.swift */ = {isa = PBXFileReference; fileEncoding = 4; lastKnownFileType = sourcecode.swift; path = BasicNetworkActivityIndicator.swift; sourceTree = "<group>"; };
		DC05C95E1CF2006B00EB128A /* AppAssembly.swift */ = {isa = PBXFileReference; fileEncoding = 4; lastKnownFileType = sourcecode.swift; path = AppAssembly.swift; sourceTree = "<group>"; };
		DC05C9631CF206D200EB128A /* InfrastructureAssembly.swift */ = {isa = PBXFileReference; fileEncoding = 4; lastKnownFileType = sourcecode.swift; path = InfrastructureAssembly.swift; sourceTree = "<group>"; };
		DC05C96B1CF217AE00EB128A /* StoryboardInstantiable.swift */ = {isa = PBXFileReference; fileEncoding = 4; lastKnownFileType = sourcecode.swift; path = StoryboardInstantiable.swift; sourceTree = "<group>"; };
		DC05C96D1CF217C600EB128A /* UIStoryboard+Refuge.swift */ = {isa = PBXFileReference; fileEncoding = 4; lastKnownFileType = sourcecode.swift; path = "UIStoryboard+Refuge.swift"; sourceTree = "<group>"; };
		DC05C96F1CF21F4800EB128A /* Restroom.swift */ = {isa = PBXFileReference; fileEncoding = 4; lastKnownFileType = sourcecode.swift; path = Restroom.swift; sourceTree = "<group>"; };
		DC05C9721CF21F8000EB128A /* RestroomRepository.swift */ = {isa = PBXFileReference; fileEncoding = 4; lastKnownFileType = sourcecode.swift; path = RestroomRepository.swift; sourceTree = "<group>"; };
		DC05C9741CF2208F00EB128A /* RefugeRestroomRepository.swift */ = {isa = PBXFileReference; fileEncoding = 4; lastKnownFileType = sourcecode.swift; path = RefugeRestroomRepository.swift; sourceTree = "<group>"; };
		DC05C9781CF224DA00EB128A /* JSONSerializer.swift */ = {isa = PBXFileReference; fileEncoding = 4; lastKnownFileType = sourcecode.swift; path = JSONSerializer.swift; sourceTree = "<group>"; };
		DC05C97A1CF224E300EB128A /* BasicJSONSerializer.swift */ = {isa = PBXFileReference; fileEncoding = 4; lastKnownFileType = sourcecode.swift; path = BasicJSONSerializer.swift; sourceTree = "<group>"; };
		DC05C97C1CF2252B00EB128A /* JSONParser.swift */ = {isa = PBXFileReference; fileEncoding = 4; lastKnownFileType = sourcecode.swift; path = JSONParser.swift; sourceTree = "<group>"; };
		DC05C97E1CF2259300EB128A /* BasicJSONParser.swift */ = {isa = PBXFileReference; fileEncoding = 4; lastKnownFileType = sourcecode.swift; path = BasicJSONParser.swift; sourceTree = "<group>"; };
		DC05C9821CF2326200EB128A /* JSON.swift */ = {isa = PBXFileReference; fileEncoding = 4; lastKnownFileType = sourcecode.swift; path = JSON.swift; sourceTree = "<group>"; };
		DC05C9841CF2328600EB128A /* HTTPMethod.swift */ = {isa = PBXFileReference; fileEncoding = 4; lastKnownFileType = sourcecode.swift; path = HTTPMethod.swift; sourceTree = "<group>"; };
		DC05C9861CF2337C00EB128A /* WebServiceRequest.swift */ = {isa = PBXFileReference; fileEncoding = 4; lastKnownFileType = sourcecode.swift; path = WebServiceRequest.swift; sourceTree = "<group>"; };
		DC05C9881CF233C900EB128A /* BasicWebServiceRequest.swift */ = {isa = PBXFileReference; fileEncoding = 4; lastKnownFileType = sourcecode.swift; path = BasicWebServiceRequest.swift; sourceTree = "<group>"; };
		DC05C98C1CF240F600EB128A /* Result.swift */ = {isa = PBXFileReference; fileEncoding = 4; lastKnownFileType = sourcecode.swift; path = Result.swift; sourceTree = "<group>"; };
		DC05C9901CF2581F00EB128A /* CustomErrorConvertible.swift */ = {isa = PBXFileReference; fileEncoding = 4; lastKnownFileType = sourcecode.swift; path = CustomErrorConvertible.swift; sourceTree = "<group>"; };
		DC05C9921CF2594E00EB128A /* JSONParserError.swift */ = {isa = PBXFileReference; fileEncoding = 4; lastKnownFileType = sourcecode.swift; path = JSONParserError.swift; sourceTree = "<group>"; };
		DC05C9941CF25A1D00EB128A /* JSONSerializerError.swift */ = {isa = PBXFileReference; fileEncoding = 4; lastKnownFileType = sourcecode.swift; path = JSONSerializerError.swift; sourceTree = "<group>"; };
		DC05C9961CF25BBF00EB128A /* WebServiceError.swift */ = {isa = PBXFileReference; fileEncoding = 4; lastKnownFileType = sourcecode.swift; path = WebServiceError.swift; sourceTree = "<group>"; };
		DC05C9A01CF2B54400EB128A /* JSONTransformer.swift */ = {isa = PBXFileReference; fileEncoding = 4; lastKnownFileType = sourcecode.swift; path = JSONTransformer.swift; sourceTree = "<group>"; };
		DC05C9A21CF2B58F00EB128A /* BasicJSONTransformer.swift */ = {isa = PBXFileReference; fileEncoding = 4; lastKnownFileType = sourcecode.swift; path = BasicJSONTransformer.swift; sourceTree = "<group>"; };
		DC05C9A41CF2B61E00EB128A /* JSONTransformerError.swift */ = {isa = PBXFileReference; fileEncoding = 4; lastKnownFileType = sourcecode.swift; path = JSONTransformerError.swift; sourceTree = "<group>"; };
		DC05C9A61CF52C3F00EB128A /* HTTPSessionManager.swift */ = {isa = PBXFileReference; fileEncoding = 4; lastKnownFileType = sourcecode.swift; path = HTTPSessionManager.swift; sourceTree = "<group>"; };
		DC05C9A81CF52D1200EB128A /* BasicHTTPSessionManager.swift */ = {isa = PBXFileReference; fileEncoding = 4; lastKnownFileType = sourcecode.swift; path = BasicHTTPSessionManager.swift; sourceTree = "<group>"; };
		DC05C9AA1CF530CC00EB128A /* HTTPResponse.swift */ = {isa = PBXFileReference; fileEncoding = 4; lastKnownFileType = sourcecode.swift; path = HTTPResponse.swift; sourceTree = "<group>"; };
		DC05C9AC1CF5388B00EB128A /* HTTPSessionManagerError.swift */ = {isa = PBXFileReference; fileEncoding = 4; lastKnownFileType = sourcecode.swift; path = HTTPSessionManagerError.swift; sourceTree = "<group>"; };
		F7096657E6BA09AD09A2FE71 /* Pods-refuge-ios.release.xcconfig */ = {isa = PBXFileReference; includeInIndex = 1; lastKnownFileType = text.xcconfig; name = "Pods-refuge-ios.release.xcconfig"; path = "Pods/Target Support Files/Pods-refuge-ios/Pods-refuge-ios.release.xcconfig"; sourceTree = "<group>"; };
/* End PBXFileReference section */

/* Begin PBXFrameworksBuildPhase section */
		DC05C8E51CF08B5C00EB128A /* Frameworks */ = {
			isa = PBXFrameworksBuildPhase;
			buildActionMask = 2147483647;
			files = (
			);
			runOnlyForDeploymentPostprocessing = 0;
		};
		DC05C8FC1CF08B5C00EB128A /* Frameworks */ = {
			isa = PBXFrameworksBuildPhase;
			buildActionMask = 2147483647;
			files = (
			);
			runOnlyForDeploymentPostprocessing = 0;
		};
/* End PBXFrameworksBuildPhase section */

/* Begin PBXGroup section */
		44CCE6E971A5E1402DD7F454 /* Frameworks */ = {
			isa = PBXGroup;
			children = (
				1C468155B2C3F5BBE8898C5B /* Pods_refuge_ios.framework */,
			);
			name = Frameworks;
			sourceTree = "<group>";
		};
		9B546126C5D9103ACA7BEB31 /* Pods */ = {
			isa = PBXGroup;
			children = (
				129A57A68CD17D680187B971 /* Pods-refuge-ios.debug.xcconfig */,
				F7096657E6BA09AD09A2FE71 /* Pods-refuge-ios.release.xcconfig */,
			);
			name = Pods;
			sourceTree = "<group>";
		};
		DC05C8DF1CF08B5C00EB128A = {
			isa = PBXGroup;
			children = (
				DC05C8EA1CF08B5C00EB128A /* refuge-ios */,
				DC05C9021CF08B5C00EB128A /* refuge-iosTests */,
				DC05C8E91CF08B5C00EB128A /* Products */,
				9B546126C5D9103ACA7BEB31 /* Pods */,
				44CCE6E971A5E1402DD7F454 /* Frameworks */,
			);
			sourceTree = "<group>";
		};
		DC05C8E91CF08B5C00EB128A /* Products */ = {
			isa = PBXGroup;
			children = (
				DC05C8E81CF08B5C00EB128A /* refuge-ios.app */,
				DC05C8FF1CF08B5C00EB128A /* refuge-iosTests.xctest */,
			);
			name = Products;
			sourceTree = "<group>";
		};
		DC05C8EA1CF08B5C00EB128A /* refuge-ios */ = {
			isa = PBXGroup;
			children = (
				DC05C8EB1CF08B5C00EB128A /* AppDelegate.swift */,
				DC05C95D1CF2004700EB128A /* Assemblies */,
				DC05C9151CF0987D00EB128A /* Infrastructure */,
				DC05C9161CF0987D00EB128A /* Interface Adapters */,
				DC05C9171CF0987D00EB128A /* Use Cases */,
				DC05C9141CF0987D00EB128A /* Entities */,
				DC05C9191CF098BF00EB128A /* Supporting Files */,
			);
			path = "refuge-ios";
			sourceTree = "<group>";
		};
		DC05C9021CF08B5C00EB128A /* refuge-iosTests */ = {
			isa = PBXGroup;
			children = (
				DC05C9031CF08B5C00EB128A /* refuge_iosTests.swift */,
				DC05C9051CF08B5C00EB128A /* Info.plist */,
			);
			path = "refuge-iosTests";
			sourceTree = "<group>";
		};
		DC05C9141CF0987D00EB128A /* Entities */ = {
			isa = PBXGroup;
			children = (
				DC05C9711CF21F7500EB128A /* Protocols */,
				DC05C96F1CF21F4800EB128A /* Restroom.swift */,
				DC05C98C1CF240F600EB128A /* Result.swift */,
			);
			path = Entities;
			sourceTree = "<group>";
		};
		DC05C9151CF0987D00EB128A /* Infrastructure */ = {
			isa = PBXGroup;
			children = (
				DC05C98E1CF2580100EB128A /* Errors */,
				DC05C91A1CF0992E00EB128A /* Repositories */,
				DC05C9181CF098A200EB128A /* Resources */,
				DC05C91B1CF0992E00EB128A /* UI */,
				DC05C91C1CF0992E00EB128A /* Utilities */,
			);
			path = Infrastructure;
			sourceTree = "<group>";
		};
		DC05C9161CF0987D00EB128A /* Interface Adapters */ = {
			isa = PBXGroup;
			children = (
			);
			path = "Interface Adapters";
			sourceTree = "<group>";
		};
		DC05C9171CF0987D00EB128A /* Use Cases */ = {
			isa = PBXGroup;
			children = (
			);
			path = "Use Cases";
			sourceTree = "<group>";
		};
		DC05C9181CF098A200EB128A /* Resources */ = {
			isa = PBXGroup;
			children = (
				DC05C8F51CF08B5C00EB128A /* Assets.xcassets */,
				DC05C8F71CF08B5C00EB128A /* LaunchScreen.storyboard */,
			);
			path = Resources;
			sourceTree = "<group>";
		};
		DC05C9191CF098BF00EB128A /* Supporting Files */ = {
			isa = PBXGroup;
			children = (
				DC05C8F21CF08B5C00EB128A /* refuge_ios.xcdatamodeld */,
				DC05C8FA1CF08B5C00EB128A /* Info.plist */,
			);
			path = "Supporting Files";
			sourceTree = "<group>";
		};
		DC05C91A1CF0992E00EB128A /* Repositories */ = {
			isa = PBXGroup;
			children = (
				DC05C9741CF2208F00EB128A /* RefugeRestroomRepository.swift */,
			);
			path = Repositories;
			sourceTree = "<group>";
		};
		DC05C91B1CF0992E00EB128A /* UI */ = {
			isa = PBXGroup;
			children = (
				DC05C91D1CF0997A00EB128A /* Features */,
				DC05C9661CF2164600EB128A /* Shared */,
			);
			path = UI;
			sourceTree = "<group>";
		};
		DC05C91C1CF0992E00EB128A /* Utilities */ = {
			isa = PBXGroup;
			children = (
				DC05C9761CF224B900EB128A /* JSON */,
				DC05C93F1CF0CE1600EB128A /* Networking */,
			);
			path = Utilities;
			sourceTree = "<group>";
		};
		DC05C91D1CF0997A00EB128A /* Features */ = {
			isa = PBXGroup;
			children = (
				DC05C91F1CF099B000EB128A /* Main */,
			);
			path = Features;
			sourceTree = "<group>";
		};
		DC05C91F1CF099B000EB128A /* Main */ = {
			isa = PBXGroup;
			children = (
				DC05C8EF1CF08B5C00EB128A /* Main.storyboard */,
				DC05C9201CF099C700EB128A /* ViewController.swift */,
			);
			path = Main;
			sourceTree = "<group>";
		};
		DC05C93F1CF0CE1600EB128A /* Networking */ = {
			isa = PBXGroup;
			children = (
				DC05C9441CF0CE1600EB128A /* Protocols */,
				DC05C9A81CF52D1200EB128A /* BasicHTTPSessionManager.swift */,
				DC05C9531CF0CEB400EB128A /* BasicNetworkActivityIndicator.swift */,
				DC05C9411CF0CE1600EB128A /* BasicWebService.swift */,
				DC05C9421CF0CE1600EB128A /* BasicWebServiceParametersConverter.swift */,
				DC05C9881CF233C900EB128A /* BasicWebServiceRequest.swift */,
				DC05C9431CF0CE1600EB128A /* BasicWebServiceURLConstructor.swift */,
				DC05C9841CF2328600EB128A /* HTTPMethod.swift */,
				DC05C9AA1CF530CC00EB128A /* HTTPResponse.swift */,
			);
			path = Networking;
			sourceTree = "<group>";
		};
		DC05C9441CF0CE1600EB128A /* Protocols */ = {
			isa = PBXGroup;
			children = (
				DC05C9A61CF52C3F00EB128A /* HTTPSessionManager.swift */,
				DC05C9511CF0CE5700EB128A /* NetworkActivityIndicator.swift */,
				DC05C9461CF0CE1600EB128A /* WebService.swift */,
				DC05C9471CF0CE1600EB128A /* WebServiceParametersConverter.swift */,
				DC05C9861CF2337C00EB128A /* WebServiceRequest.swift */,
				DC05C9481CF0CE1600EB128A /* WebServiceURLConstructor.swift */,
			);
			path = Protocols;
			sourceTree = "<group>";
		};
		DC05C95D1CF2004700EB128A /* Assemblies */ = {
			isa = PBXGroup;
			children = (
				DC05C95E1CF2006B00EB128A /* AppAssembly.swift */,
				DC05C9631CF206D200EB128A /* InfrastructureAssembly.swift */,
			);
			path = Assemblies;
			sourceTree = "<group>";
		};
		DC05C9661CF2164600EB128A /* Shared */ = {
			isa = PBXGroup;
			children = (
				DC05C9691CF2179600EB128A /* Extensions */,
				DC05C96A1CF217AE00EB128A /* Protocols */,
			);
			path = Shared;
			sourceTree = "<group>";
		};
		DC05C9691CF2179600EB128A /* Extensions */ = {
			isa = PBXGroup;
			children = (
				DC05C96D1CF217C600EB128A /* UIStoryboard+Refuge.swift */,
			);
			path = Extensions;
			sourceTree = "<group>";
		};
		DC05C96A1CF217AE00EB128A /* Protocols */ = {
			isa = PBXGroup;
			children = (
				DC05C96B1CF217AE00EB128A /* StoryboardInstantiable.swift */,
			);
			path = Protocols;
			sourceTree = "<group>";
		};
		DC05C9711CF21F7500EB128A /* Protocols */ = {
			isa = PBXGroup;
			children = (
				DC05C9721CF21F8000EB128A /* RestroomRepository.swift */,
			);
			path = Protocols;
			sourceTree = "<group>";
		};
		DC05C9761CF224B900EB128A /* JSON */ = {
			isa = PBXGroup;
			children = (
				DC05C9771CF224DA00EB128A /* Protocols */,
				DC05C97E1CF2259300EB128A /* BasicJSONParser.swift */,
				DC05C97A1CF224E300EB128A /* BasicJSONSerializer.swift */,
				DC05C9A21CF2B58F00EB128A /* BasicJSONTransformer.swift */,
				DC05C9821CF2326200EB128A /* JSON.swift */,
			);
			path = JSON;
			sourceTree = "<group>";
		};
		DC05C9771CF224DA00EB128A /* Protocols */ = {
			isa = PBXGroup;
			children = (
				DC05C97C1CF2252B00EB128A /* JSONParser.swift */,
				DC05C9781CF224DA00EB128A /* JSONSerializer.swift */,
				DC05C9A01CF2B54400EB128A /* JSONTransformer.swift */,
			);
			path = Protocols;
			sourceTree = "<group>";
		};
		DC05C98E1CF2580100EB128A /* Errors */ = {
			isa = PBXGroup;
			children = (
				DC05C98F1CF2581500EB128A /* Protocols */,
				DC05C9AC1CF5388B00EB128A /* HTTPSessionManagerError.swift */,
				DC05C9921CF2594E00EB128A /* JSONParserError.swift */,
				DC05C9941CF25A1D00EB128A /* JSONSerializerError.swift */,
				DC05C9A41CF2B61E00EB128A /* JSONTransformerError.swift */,
				DC05C9961CF25BBF00EB128A /* WebServiceError.swift */,
			);
			path = Errors;
			sourceTree = "<group>";
		};
		DC05C98F1CF2581500EB128A /* Protocols */ = {
			isa = PBXGroup;
			children = (
				DC05C9901CF2581F00EB128A /* CustomErrorConvertible.swift */,
			);
			path = Protocols;
			sourceTree = "<group>";
		};
/* End PBXGroup section */

/* Begin PBXNativeTarget section */
		DC05C8E71CF08B5C00EB128A /* refuge-ios */ = {
			isa = PBXNativeTarget;
			buildConfigurationList = DC05C9081CF08B5C00EB128A /* Build configuration list for PBXNativeTarget "refuge-ios" */;
			buildPhases = (
				DC05C8E41CF08B5C00EB128A /* Sources */,
				DC05C8E51CF08B5C00EB128A /* Frameworks */,
				DC05C8E61CF08B5C00EB128A /* Resources */,
			);
			buildRules = (
			);
			dependencies = (
			);
			name = "refuge-ios";
			productName = "refuge-ios";
			productReference = DC05C8E81CF08B5C00EB128A /* refuge-ios.app */;
			productType = "com.apple.product-type.application";
		};
		DC05C8FE1CF08B5C00EB128A /* refuge-iosTests */ = {
			isa = PBXNativeTarget;
			buildConfigurationList = DC05C90B1CF08B5C00EB128A /* Build configuration list for PBXNativeTarget "refuge-iosTests" */;
			buildPhases = (
				DC05C8FB1CF08B5C00EB128A /* Sources */,
				DC05C8FC1CF08B5C00EB128A /* Frameworks */,
				DC05C8FD1CF08B5C00EB128A /* Resources */,
			);
			buildRules = (
			);
			dependencies = (
				DC05C9011CF08B5C00EB128A /* PBXTargetDependency */,
			);
			name = "refuge-iosTests";
			productName = "refuge-iosTests";
			productReference = DC05C8FF1CF08B5C00EB128A /* refuge-iosTests.xctest */;
			productType = "com.apple.product-type.bundle.unit-test";
		};
/* End PBXNativeTarget section */

/* Begin PBXProject section */
		DC05C8E01CF08B5C00EB128A /* Project object */ = {
			isa = PBXProject;
			attributes = {
				LastSwiftUpdateCheck = 0730;
				LastUpgradeCheck = 0730;
				ORGANIZATIONNAME = "Harlan Kellaway";
				TargetAttributes = {
					DC05C8E71CF08B5C00EB128A = {
						CreatedOnToolsVersion = 7.3;
					};
					DC05C8FE1CF08B5C00EB128A = {
						CreatedOnToolsVersion = 7.3;
						TestTargetID = DC05C8E71CF08B5C00EB128A;
					};
				};
			};
			buildConfigurationList = DC05C8E31CF08B5C00EB128A /* Build configuration list for PBXProject "refuge-ios" */;
			compatibilityVersion = "Xcode 3.2";
			developmentRegion = English;
			hasScannedForEncodings = 0;
			knownRegions = (
				en,
				Base,
			);
			mainGroup = DC05C8DF1CF08B5C00EB128A;
			productRefGroup = DC05C8E91CF08B5C00EB128A /* Products */;
			projectDirPath = "";
			projectRoot = "";
			targets = (
				DC05C8E71CF08B5C00EB128A /* refuge-ios */,
				DC05C8FE1CF08B5C00EB128A /* refuge-iosTests */,
			);
		};
/* End PBXProject section */

/* Begin PBXResourcesBuildPhase section */
		DC05C8E61CF08B5C00EB128A /* Resources */ = {
			isa = PBXResourcesBuildPhase;
			buildActionMask = 2147483647;
			files = (
				DC05C8F91CF08B5C00EB128A /* LaunchScreen.storyboard in Resources */,
				DC05C8F61CF08B5C00EB128A /* Assets.xcassets in Resources */,
				DC05C8F11CF08B5C00EB128A /* Main.storyboard in Resources */,
			);
			runOnlyForDeploymentPostprocessing = 0;
		};
		DC05C8FD1CF08B5C00EB128A /* Resources */ = {
			isa = PBXResourcesBuildPhase;
			buildActionMask = 2147483647;
			files = (
			);
			runOnlyForDeploymentPostprocessing = 0;
		};
/* End PBXResourcesBuildPhase section */

/* Begin PBXSourcesBuildPhase section */
		DC05C8E41CF08B5C00EB128A /* Sources */ = {
			isa = PBXSourcesBuildPhase;
			buildActionMask = 2147483647;
			files = (
				DC05C9A51CF2B61E00EB128A /* JSONTransformerError.swift in Sources */,
				DC05C98D1CF240F600EB128A /* Result.swift in Sources */,
				DC05C9911CF2581F00EB128A /* CustomErrorConvertible.swift in Sources */,
				DC05C9951CF25A1D00EB128A /* JSONSerializerError.swift in Sources */,
				DC05C94E1CF0CE1600EB128A /* WebService.swift in Sources */,
				DC05C9521CF0CE5700EB128A /* NetworkActivityIndicator.swift in Sources */,
				DC05C97D1CF2252B00EB128A /* JSONParser.swift in Sources */,
				DC05C97B1CF224E300EB128A /* BasicJSONSerializer.swift in Sources */,
				DC05C9A11CF2B54400EB128A /* JSONTransformer.swift in Sources */,
				DC05C8EC1CF08B5C00EB128A /* AppDelegate.swift in Sources */,
				DC05C9731CF21F8000EB128A /* RestroomRepository.swift in Sources */,
				DC05C9AB1CF530CC00EB128A /* HTTPResponse.swift in Sources */,
				DC05C94C1CF0CE1600EB128A /* BasicWebServiceURLConstructor.swift in Sources */,
				DC05C9211CF099C700EB128A /* ViewController.swift in Sources */,
				DC05C9751CF2208F00EB128A /* RefugeRestroomRepository.swift in Sources */,
				DC05C95F1CF2006B00EB128A /* AppAssembly.swift in Sources */,
				DC05C9541CF0CEB400EB128A /* BasicNetworkActivityIndicator.swift in Sources */,
				DC05C96C1CF217AE00EB128A /* StoryboardInstantiable.swift in Sources */,
				DC05C94F1CF0CE1600EB128A /* WebServiceParametersConverter.swift in Sources */,
				DC05C9831CF2326200EB128A /* JSON.swift in Sources */,
				DC05C9A71CF52C3F00EB128A /* HTTPSessionManager.swift in Sources */,
				DC05C9871CF2337C00EB128A /* WebServiceRequest.swift in Sources */,
				DC05C9501CF0CE1600EB128A /* WebServiceURLConstructor.swift in Sources */,
				DC05C9971CF25BBF00EB128A /* WebServiceError.swift in Sources */,
				DC05C94B1CF0CE1600EB128A /* BasicWebServiceParametersConverter.swift in Sources */,
				DC05C9A91CF52D1200EB128A /* BasicHTTPSessionManager.swift in Sources */,
				DC05C97F1CF2259300EB128A /* BasicJSONParser.swift in Sources */,
				DC05C9AD1CF5388B00EB128A /* HTTPSessionManagerError.swift in Sources */,
				DC05C94A1CF0CE1600EB128A /* BasicWebService.swift in Sources */,
				DC05C9641CF206D200EB128A /* InfrastructureAssembly.swift in Sources */,
				DC05C9791CF224DA00EB128A /* JSONSerializer.swift in Sources */,
				DC05C9A31CF2B58F00EB128A /* BasicJSONTransformer.swift in Sources */,
				DC05C9931CF2594E00EB128A /* JSONParserError.swift in Sources */,
				DC05C9891CF233C900EB128A /* BasicWebServiceRequest.swift in Sources */,
				DC05C9851CF2328600EB128A /* HTTPMethod.swift in Sources */,
				DC05C9701CF21F4800EB128A /* Restroom.swift in Sources */,
				DC05C96E1CF217C600EB128A /* UIStoryboard+Refuge.swift in Sources */,
				DC05C8F41CF08B5C00EB128A /* refuge_ios.xcdatamodeld in Sources */,
			);
			runOnlyForDeploymentPostprocessing = 0;
		};
		DC05C8FB1CF08B5C00EB128A /* Sources */ = {
			isa = PBXSourcesBuildPhase;
			buildActionMask = 2147483647;
			files = (
				DC05C9041CF08B5C00EB128A /* refuge_iosTests.swift in Sources */,
			);
			runOnlyForDeploymentPostprocessing = 0;
		};
/* End PBXSourcesBuildPhase section */

/* Begin PBXTargetDependency section */
		DC05C9011CF08B5C00EB128A /* PBXTargetDependency */ = {
			isa = PBXTargetDependency;
			target = DC05C8E71CF08B5C00EB128A /* refuge-ios */;
			targetProxy = DC05C9001CF08B5C00EB128A /* PBXContainerItemProxy */;
		};
/* End PBXTargetDependency section */

/* Begin PBXVariantGroup section */
		DC05C8EF1CF08B5C00EB128A /* Main.storyboard */ = {
			isa = PBXVariantGroup;
			children = (
				DC05C8F01CF08B5C00EB128A /* Base */,
			);
			name = Main.storyboard;
			path = ../../../..;
			sourceTree = "<group>";
		};
		DC05C8F71CF08B5C00EB128A /* LaunchScreen.storyboard */ = {
			isa = PBXVariantGroup;
			children = (
				DC05C8F81CF08B5C00EB128A /* Base */,
			);
			name = LaunchScreen.storyboard;
			path = ../..;
			sourceTree = "<group>";
		};
/* End PBXVariantGroup section */

/* Begin XCBuildConfiguration section */
		DC05C9061CF08B5C00EB128A /* Debug */ = {
			isa = XCBuildConfiguration;
			buildSettings = {
				ALWAYS_SEARCH_USER_PATHS = NO;
				CLANG_ANALYZER_NONNULL = YES;
				CLANG_CXX_LANGUAGE_STANDARD = "gnu++0x";
				CLANG_CXX_LIBRARY = "libc++";
				CLANG_ENABLE_MODULES = YES;
				CLANG_ENABLE_OBJC_ARC = YES;
				CLANG_WARN_BOOL_CONVERSION = YES;
				CLANG_WARN_CONSTANT_CONVERSION = YES;
				CLANG_WARN_DIRECT_OBJC_ISA_USAGE = YES_ERROR;
				CLANG_WARN_EMPTY_BODY = YES;
				CLANG_WARN_ENUM_CONVERSION = YES;
				CLANG_WARN_INT_CONVERSION = YES;
				CLANG_WARN_OBJC_ROOT_CLASS = YES_ERROR;
				CLANG_WARN_UNREACHABLE_CODE = YES;
				CLANG_WARN__DUPLICATE_METHOD_MATCH = YES;
				"CODE_SIGN_IDENTITY[sdk=iphoneos*]" = "iPhone Developer";
				COPY_PHASE_STRIP = NO;
				DEBUG_INFORMATION_FORMAT = dwarf;
				ENABLE_STRICT_OBJC_MSGSEND = YES;
				ENABLE_TESTABILITY = YES;
				GCC_C_LANGUAGE_STANDARD = gnu99;
				GCC_DYNAMIC_NO_PIC = NO;
				GCC_NO_COMMON_BLOCKS = YES;
				GCC_OPTIMIZATION_LEVEL = 0;
				GCC_PREPROCESSOR_DEFINITIONS = (
					"DEBUG=1",
					"$(inherited)",
				);
				GCC_WARN_64_TO_32_BIT_CONVERSION = YES;
				GCC_WARN_ABOUT_RETURN_TYPE = YES_ERROR;
				GCC_WARN_UNDECLARED_SELECTOR = YES;
				GCC_WARN_UNINITIALIZED_AUTOS = YES_AGGRESSIVE;
				GCC_WARN_UNUSED_FUNCTION = YES;
				GCC_WARN_UNUSED_VARIABLE = YES;
				IPHONEOS_DEPLOYMENT_TARGET = 7.0;
				MTL_ENABLE_DEBUG_INFO = YES;
				ONLY_ACTIVE_ARCH = YES;
				SDKROOT = iphoneos;
				SWIFT_OPTIMIZATION_LEVEL = "-Onone";
				TARGETED_DEVICE_FAMILY = "1,2";
			};
			name = Debug;
		};
		DC05C9071CF08B5C00EB128A /* Release */ = {
			isa = XCBuildConfiguration;
			buildSettings = {
				ALWAYS_SEARCH_USER_PATHS = NO;
				CLANG_ANALYZER_NONNULL = YES;
				CLANG_CXX_LANGUAGE_STANDARD = "gnu++0x";
				CLANG_CXX_LIBRARY = "libc++";
				CLANG_ENABLE_MODULES = YES;
				CLANG_ENABLE_OBJC_ARC = YES;
				CLANG_WARN_BOOL_CONVERSION = YES;
				CLANG_WARN_CONSTANT_CONVERSION = YES;
				CLANG_WARN_DIRECT_OBJC_ISA_USAGE = YES_ERROR;
				CLANG_WARN_EMPTY_BODY = YES;
				CLANG_WARN_ENUM_CONVERSION = YES;
				CLANG_WARN_INT_CONVERSION = YES;
				CLANG_WARN_OBJC_ROOT_CLASS = YES_ERROR;
				CLANG_WARN_UNREACHABLE_CODE = YES;
				CLANG_WARN__DUPLICATE_METHOD_MATCH = YES;
				"CODE_SIGN_IDENTITY[sdk=iphoneos*]" = "iPhone Developer";
				COPY_PHASE_STRIP = NO;
				DEBUG_INFORMATION_FORMAT = "dwarf-with-dsym";
				ENABLE_NS_ASSERTIONS = NO;
				ENABLE_STRICT_OBJC_MSGSEND = YES;
				GCC_C_LANGUAGE_STANDARD = gnu99;
				GCC_NO_COMMON_BLOCKS = YES;
				GCC_WARN_64_TO_32_BIT_CONVERSION = YES;
				GCC_WARN_ABOUT_RETURN_TYPE = YES_ERROR;
				GCC_WARN_UNDECLARED_SELECTOR = YES;
				GCC_WARN_UNINITIALIZED_AUTOS = YES_AGGRESSIVE;
				GCC_WARN_UNUSED_FUNCTION = YES;
				GCC_WARN_UNUSED_VARIABLE = YES;
				IPHONEOS_DEPLOYMENT_TARGET = 7.0;
				MTL_ENABLE_DEBUG_INFO = NO;
				SDKROOT = iphoneos;
				TARGETED_DEVICE_FAMILY = "1,2";
				VALIDATE_PRODUCT = YES;
			};
			name = Release;
		};
		DC05C9091CF08B5C00EB128A /* Debug */ = {
			isa = XCBuildConfiguration;
			buildSettings = {
				ASSETCATALOG_COMPILER_APPICON_NAME = AppIcon;
				INFOPLIST_FILE = "refuge-ios/Info.plist";
				LD_RUNPATH_SEARCH_PATHS = "$(inherited) @executable_path/Frameworks";
				PRODUCT_BUNDLE_IDENTIFIER = "com.RefugeRestrooms.refuge-ios";
				PRODUCT_NAME = "$(TARGET_NAME)";
			};
			name = Debug;
		};
		DC05C90A1CF08B5C00EB128A /* Release */ = {
			isa = XCBuildConfiguration;
			buildSettings = {
				ASSETCATALOG_COMPILER_APPICON_NAME = AppIcon;
				INFOPLIST_FILE = "refuge-ios/Info.plist";
				LD_RUNPATH_SEARCH_PATHS = "$(inherited) @executable_path/Frameworks";
				PRODUCT_BUNDLE_IDENTIFIER = "com.RefugeRestrooms.refuge-ios";
				PRODUCT_NAME = "$(TARGET_NAME)";
			};
			name = Release;
		};
		DC05C90C1CF08B5C00EB128A /* Debug */ = {
			isa = XCBuildConfiguration;
			buildSettings = {
				BUNDLE_LOADER = "$(TEST_HOST)";
				INFOPLIST_FILE = "refuge-iosTests/Info.plist";
				LD_RUNPATH_SEARCH_PATHS = "$(inherited) @executable_path/Frameworks @loader_path/Frameworks";
				PRODUCT_BUNDLE_IDENTIFIER = "com.RefugeRestrooms.refuge-iosTests";
				PRODUCT_NAME = "$(TARGET_NAME)";
				TEST_HOST = "$(BUILT_PRODUCTS_DIR)/refuge-ios.app/refuge-ios";
			};
			name = Debug;
		};
		DC05C90D1CF08B5C00EB128A /* Release */ = {
			isa = XCBuildConfiguration;
			buildSettings = {
				BUNDLE_LOADER = "$(TEST_HOST)";
				INFOPLIST_FILE = "refuge-iosTests/Info.plist";
				LD_RUNPATH_SEARCH_PATHS = "$(inherited) @executable_path/Frameworks @loader_path/Frameworks";
				PRODUCT_BUNDLE_IDENTIFIER = "com.RefugeRestrooms.refuge-iosTests";
				PRODUCT_NAME = "$(TARGET_NAME)";
				TEST_HOST = "$(BUILT_PRODUCTS_DIR)/refuge-ios.app/refuge-ios";
			};
			name = Release;
		};
/* End XCBuildConfiguration section */

/* Begin XCConfigurationList section */
		DC05C8E31CF08B5C00EB128A /* Build configuration list for PBXProject "refuge-ios" */ = {
			isa = XCConfigurationList;
			buildConfigurations = (
				DC05C9061CF08B5C00EB128A /* Debug */,
				DC05C9071CF08B5C00EB128A /* Release */,
			);
			defaultConfigurationIsVisible = 0;
			defaultConfigurationName = Release;
		};
		DC05C9081CF08B5C00EB128A /* Build configuration list for PBXNativeTarget "refuge-ios" */ = {
			isa = XCConfigurationList;
			buildConfigurations = (
				DC05C9091CF08B5C00EB128A /* Debug */,
				DC05C90A1CF08B5C00EB128A /* Release */,
			);
			defaultConfigurationIsVisible = 0;
			defaultConfigurationName = Release;
		};
		DC05C90B1CF08B5C00EB128A /* Build configuration list for PBXNativeTarget "refuge-iosTests" */ = {
			isa = XCConfigurationList;
			buildConfigurations = (
				DC05C90C1CF08B5C00EB128A /* Debug */,
				DC05C90D1CF08B5C00EB128A /* Release */,
			);
			defaultConfigurationIsVisible = 0;
			defaultConfigurationName = Release;
		};
/* End XCConfigurationList section */

/* Begin XCVersionGroup section */
		DC05C8F21CF08B5C00EB128A /* refuge_ios.xcdatamodeld */ = {
			isa = XCVersionGroup;
			children = (
				DC05C8F31CF08B5C00EB128A /* refuge_ios.xcdatamodel */,
			);
			currentVersion = DC05C8F31CF08B5C00EB128A /* refuge_ios.xcdatamodel */;
			name = refuge_ios.xcdatamodeld;
			path = ../refuge_ios.xcdatamodeld;
			sourceTree = "<group>";
			versionGroupType = wrapper.xcdatamodel;
		};
/* End XCVersionGroup section */
	};
	rootObject = DC05C8E01CF08B5C00EB128A /* Project object */;
}
